
Microsoft Visual Studio Solution File, Format Version 12.00
# Visual Studio 2013
VisualStudioVersion = 12.0.30501.0
MinimumVisualStudioVersion = 10.0.40219.1
Project("{FAE04EC0-301F-11D3-BF4B-00C04F79EFBC}") = "UFO", "UFO\UFO.csproj", "{05C9A4AB-A051-4868-AC7F-CA862C400AF1}"
EndProject
Project("{FAE04EC0-301F-11D3-BF4B-00C04F79EFBC}") = "LibMJ", "LibMJ\LibMJ.csproj", "{5709ACAB-8F62-4909-B328-A96818318DF6}"
EndProject
Project("{FAE04EC0-301F-11D3-BF4B-00C04F79EFBC}") = "Packaging", "Packaging\Packaging.csproj", "{D92EC7DE-0E3D-4BE9-B593-E746600E77B9}"
EndProject
Project("{FAE04EC0-301F-11D3-BF4B-00C04F79EFBC}") = "Resources", "Resources\Resources.csproj", "{17FDE087-DD15-4BC1-9236-768FEFC98A7D}"
EndProject
Project("{FAE04EC0-301F-11D3-BF4B-00C04F79EFBC}") = "StationScanner", "StationScanner\StationScanner.csproj", "{C8BA491A-76D0-42B7-8F39-9DFABB88898D}"
EndProject
Project("{FAE04EC0-301F-11D3-BF4B-00C04F79EFBC}") = "UFOTest", "UFOTest\UFOTest.csproj", "{80C12947-9702-42CD-8F3B-92E17CDA52E1}"
EndProject
Global
	GlobalSection(SolutionConfigurationPlatforms) = preSolution
		Debug|Any CPU = Debug|Any CPU
		Release|Any CPU = Release|Any CPU
	EndGlobalSection
	GlobalSection(ProjectConfigurationPlatforms) = postSolution
		{05C9A4AB-A051-4868-AC7F-CA862C400AF1}.Debug|Any CPU.ActiveCfg = Debug|Any CPU
		{05C9A4AB-A051-4868-AC7F-CA862C400AF1}.Debug|Any CPU.Build.0 = Debug|Any CPU
		{05C9A4AB-A051-4868-AC7F-CA862C400AF1}.Release|Any CPU.ActiveCfg = Release|Any CPU
		{05C9A4AB-A051-4868-AC7F-CA862C400AF1}.Release|Any CPU.Build.0 = Release|Any CPU
		{5709ACAB-8F62-4909-B328-A96818318DF6}.Debug|Any CPU.ActiveCfg = Debug|Any CPU
		{5709ACAB-8F62-4909-B328-A96818318DF6}.Debug|Any CPU.Build.0 = Debug|Any CPU
		{5709ACAB-8F62-4909-B328-A96818318DF6}.Release|Any CPU.ActiveCfg = Release|Any CPU
		{5709ACAB-8F62-4909-B328-A96818318DF6}.Release|Any CPU.Build.0 = Release|Any CPU
		{D92EC7DE-0E3D-4BE9-B593-E746600E77B9}.Debug|Any CPU.ActiveCfg = Debug|Any CPU
		{D92EC7DE-0E3D-4BE9-B593-E746600E77B9}.Debug|Any CPU.Build.0 = Debug|Any CPU
		{D92EC7DE-0E3D-4BE9-B593-E746600E77B9}.Release|Any CPU.ActiveCfg = Release|Any CPU
		{D92EC7DE-0E3D-4BE9-B593-E746600E77B9}.Release|Any CPU.Build.0 = Release|Any CPU
		{17FDE087-DD15-4BC1-9236-768FEFC98A7D}.Debug|Any CPU.ActiveCfg = Debug|Any CPU
		{17FDE087-DD15-4BC1-9236-768FEFC98A7D}.Debug|Any CPU.Build.0 = Debug|Any CPU
		{17FDE087-DD15-4BC1-9236-768FEFC98A7D}.Release|Any CPU.ActiveCfg = Release|Any CPU
		{17FDE087-DD15-4BC1-9236-768FEFC98A7D}.Release|Any CPU.Build.0 = Release|Any CPU
		{C8BA491A-76D0-42B7-8F39-9DFABB88898D}.Debug|Any CPU.ActiveCfg = Debug|Any CPU
		{C8BA491A-76D0-42B7-8F39-9DFABB88898D}.Debug|Any CPU.Build.0 = Debug|Any CPU
		{C8BA491A-76D0-42B7-8F39-9DFABB88898D}.Release|Any CPU.ActiveCfg = Release|Any CPU
		{C8BA491A-76D0-42B7-8F39-9DFABB88898D}.Release|Any CPU.Build.0 = Release|Any CPU
		{80C12947-9702-42CD-8F3B-92E17CDA52E1}.Debug|Any CPU.ActiveCfg = Debug|Any CPU
		{80C12947-9702-42CD-8F3B-92E17CDA52E1}.Debug|Any CPU.Build.0 = Debug|Any CPU
		{80C12947-9702-42CD-8F3B-92E17CDA52E1}.Release|Any CPU.ActiveCfg = Release|Any CPU
		{80C12947-9702-42CD-8F3B-92E17CDA52E1}.Release|Any CPU.Build.0 = Release|Any CPU
	EndGlobalSection
	GlobalSection(SolutionProperties) = preSolution
		HideSolutionNode = FALSE
	EndGlobalSection
EndGlobal
