
Microsoft Visual Studio Solution File, Format Version 12.00
# Visual Studio 2013
VisualStudioVersion = 12.0.30324.0
MinimumVisualStudioVersion = 10.0.40219.1
Project("{FAE04EC0-301F-11D3-BF4B-00C04F79EFBC}") = "UFO", "UFO\UFO.csproj", "{05C9A4AB-A051-4868-AC7F-CA862C400AF1}"
EndProject
Project("{2150E333-8FDC-42A3-9474-1A3956D46DE8}") = "Resources", "Resources", "{899671A6-A27D-4747-8DCC-6A3711560301}"
EndProject
Project("{2150E333-8FDC-42A3-9474-1A3956D46DE8}") = "aiscripts", "aiscripts", "{002B2046-D552-49C1-BBF4-C448FEE424AD}"
	ProjectSection(SolutionItems) = preProject
		F:\X Rebirth Modding\Original Assets\aiscripts\aiscripts.xsd = F:\X Rebirth Modding\Original Assets\aiscripts\aiscripts.xsd
		F:\X Rebirth Modding\Original Assets\aiscripts\boarding.pod.xml = F:\X Rebirth Modding\Original Assets\aiscripts\boarding.pod.xml
		F:\X Rebirth Modding\Original Assets\aiscripts\command.collect.cargo.xml = F:\X Rebirth Modding\Original Assets\aiscripts\command.collect.cargo.xml
		F:\X Rebirth Modding\Original Assets\aiscripts\command.fight.attack.xml = F:\X Rebirth Modding\Original Assets\aiscripts\command.fight.attack.xml
		F:\X Rebirth Modding\Original Assets\aiscripts\command.mining.player.xml = F:\X Rebirth Modding\Original Assets\aiscripts\command.mining.player.xml
		F:\X Rebirth Modding\Original Assets\aiscripts\command.move.dockat.xml = F:\X Rebirth Modding\Original Assets\aiscripts\command.move.dockat.xml
		F:\X Rebirth Modding\Original Assets\aiscripts\command.move.refuel.xml = F:\X Rebirth Modding\Original Assets\aiscripts\command.move.refuel.xml
		F:\X Rebirth Modding\Original Assets\aiscripts\command.move.taxi.xml = F:\X Rebirth Modding\Original Assets\aiscripts\command.move.taxi.xml
		F:\X Rebirth Modding\Original Assets\aiscripts\drone.pickup.xml = F:\X Rebirth Modding\Original Assets\aiscripts\drone.pickup.xml
		F:\X Rebirth Modding\Original Assets\aiscripts\drone.requestorders.xml = F:\X Rebirth Modding\Original Assets\aiscripts\drone.requestorders.xml
		F:\X Rebirth Modding\Original Assets\aiscripts\droneability.attack.xml = F:\X Rebirth Modding\Original Assets\aiscripts\droneability.attack.xml
		F:\X Rebirth Modding\Original Assets\aiscripts\droneability.launch.xml = F:\X Rebirth Modding\Original Assets\aiscripts\droneability.launch.xml
		F:\X Rebirth Modding\Original Assets\aiscripts\droneability.shieldwall.xml = F:\X Rebirth Modding\Original Assets\aiscripts\droneability.shieldwall.xml
		F:\X Rebirth Modding\Original Assets\aiscripts\engineer.ai.xml = F:\X Rebirth Modding\Original Assets\aiscripts\engineer.ai.xml
		F:\X Rebirth Modding\Original Assets\aiscripts\engineer.player.xml = F:\X Rebirth Modding\Original Assets\aiscripts\engineer.player.xml
		F:\X Rebirth Modding\Original Assets\aiscripts\fight.attack.object.capital.xml = F:\X Rebirth Modding\Original Assets\aiscripts\fight.attack.object.capital.xml
		F:\X Rebirth Modding\Original Assets\aiscripts\fight.attack.object.drone.follower.xml = F:\X Rebirth Modding\Original Assets\aiscripts\fight.attack.object.drone.follower.xml
		F:\X Rebirth Modding\Original Assets\aiscripts\fight.attack.object.drone.leader.xml = F:\X Rebirth Modding\Original Assets\aiscripts\fight.attack.object.drone.leader.xml
		F:\X Rebirth Modding\Original Assets\aiscripts\fight.attack.object.fighter.bigtarget.xml = F:\X Rebirth Modding\Original Assets\aiscripts\fight.attack.object.fighter.bigtarget.xml
		F:\X Rebirth Modding\Original Assets\aiscripts\fight.attack.object.fighter.xml = F:\X Rebirth Modding\Original Assets\aiscripts\fight.attack.object.fighter.xml
		F:\X Rebirth Modding\Original Assets\aiscripts\fight.attack.object.station.xml = F:\X Rebirth Modding\Original Assets\aiscripts\fight.attack.object.station.xml
		F:\X Rebirth Modding\Original Assets\aiscripts\fight.attack.object.xml = F:\X Rebirth Modding\Original Assets\aiscripts\fight.attack.object.xml
		F:\X Rebirth Modding\Original Assets\aiscripts\fight.defend.capital.xml = F:\X Rebirth Modding\Original Assets\aiscripts\fight.defend.capital.xml
		F:\X Rebirth Modding\Original Assets\aiscripts\fight.station.player.xml = F:\X Rebirth Modding\Original Assets\aiscripts\fight.station.player.xml
		F:\X Rebirth Modding\Original Assets\aiscripts\interrupt.attacked.owned.xml = F:\X Rebirth Modding\Original Assets\aiscripts\interrupt.attacked.owned.xml
		F:\X Rebirth Modding\Original Assets\aiscripts\interrupt.attacked.xml = F:\X Rebirth Modding\Original Assets\aiscripts\interrupt.attacked.xml
		F:\X Rebirth Modding\Original Assets\aiscripts\interrupt.scanned.xml = F:\X Rebirth Modding\Original Assets\aiscripts\interrupt.scanned.xml
		F:\X Rebirth Modding\Original Assets\aiscripts\interrupt.stoporder.xml = F:\X Rebirth Modding\Original Assets\aiscripts\interrupt.stoporder.xml
		F:\X Rebirth Modding\Original Assets\aiscripts\interrupt.targetinvalid.xml = F:\X Rebirth Modding\Original Assets\aiscripts\interrupt.targetinvalid.xml
		F:\X Rebirth Modding\Original Assets\aiscripts\interrupt.unbundletrade.xml = F:\X Rebirth Modding\Original Assets\aiscripts\interrupt.unbundletrade.xml
		F:\X Rebirth Modding\Original Assets\aiscripts\lib.ammo.bombs.xml = F:\X Rebirth Modding\Original Assets\aiscripts\lib.ammo.bombs.xml
		F:\X Rebirth Modding\Original Assets\aiscripts\lib.ammo.missiles.xml = F:\X Rebirth Modding\Original Assets\aiscripts\lib.ammo.missiles.xml
		F:\X Rebirth Modding\Original Assets\aiscripts\lib.ammo.station.xml = F:\X Rebirth Modding\Original Assets\aiscripts\lib.ammo.station.xml
		F:\X Rebirth Modding\Original Assets\aiscripts\lib.recall.drones.xml = F:\X Rebirth Modding\Original Assets\aiscripts\lib.recall.drones.xml
		F:\X Rebirth Modding\Original Assets\aiscripts\lib.units.combat.xml = F:\X Rebirth Modding\Original Assets\aiscripts\lib.units.combat.xml
		F:\X Rebirth Modding\Original Assets\aiscripts\lib.units.trade.xml = F:\X Rebirth Modding\Original Assets\aiscripts\lib.units.trade.xml
		F:\X Rebirth Modding\Original Assets\aiscripts\masstraffic.fight.xml = F:\X Rebirth Modding\Original Assets\aiscripts\masstraffic.fight.xml
		F:\X Rebirth Modding\Original Assets\aiscripts\masstraffic.flee.xml = F:\X Rebirth Modding\Original Assets\aiscripts\masstraffic.flee.xml
		F:\X Rebirth Modding\Original Assets\aiscripts\masstraffic.generic.xml = F:\X Rebirth Modding\Original Assets\aiscripts\masstraffic.generic.xml
		F:\X Rebirth Modding\Original Assets\aiscripts\masstraffic.handler.attacked.xml = F:\X Rebirth Modding\Original Assets\aiscripts\masstraffic.handler.attacked.xml
		F:\X Rebirth Modding\Original Assets\aiscripts\masstraffic.handler.scanned.xml = F:\X Rebirth Modding\Original Assets\aiscripts\masstraffic.handler.scanned.xml
		F:\X Rebirth Modding\Original Assets\aiscripts\masstraffic.police.xml = F:\X Rebirth Modding\Original Assets\aiscripts\masstraffic.police.xml
		F:\X Rebirth Modding\Original Assets\aiscripts\masstraffic.return.xml = F:\X Rebirth Modding\Original Assets\aiscripts\masstraffic.return.xml
		F:\X Rebirth Modding\Original Assets\aiscripts\masstraffic.watchdog.xml = F:\X Rebirth Modding\Original Assets\aiscripts\masstraffic.watchdog.xml
		F:\X Rebirth Modding\Original Assets\aiscripts\mining.ship.collect.xml = F:\X Rebirth Modding\Original Assets\aiscripts\mining.ship.collect.xml
		F:\X Rebirth Modding\Original Assets\aiscripts\mining.ship.drone.xml = F:\X Rebirth Modding\Original Assets\aiscripts\mining.ship.drone.xml
		F:\X Rebirth Modding\Original Assets\aiscripts\mining.ship.free.xml = F:\X Rebirth Modding\Original Assets\aiscripts\mining.ship.free.xml
		F:\X Rebirth Modding\Original Assets\aiscripts\mining.ship.mineplot.xml = F:\X Rebirth Modding\Original Assets\aiscripts\mining.ship.mineplot.xml
		F:\X Rebirth Modding\Original Assets\aiscripts\mining.ship.player.xml = F:\X Rebirth Modding\Original Assets\aiscripts\mining.ship.player.xml
		F:\X Rebirth Modding\Original Assets\aiscripts\mining.ship.station.xml = F:\X Rebirth Modding\Original Assets\aiscripts\mining.ship.station.xml
		F:\X Rebirth Modding\Original Assets\aiscripts\mission.escortconvoy.behaviours.xml = F:\X Rebirth Modding\Original Assets\aiscripts\mission.escortconvoy.behaviours.xml
		F:\X Rebirth Modding\Original Assets\aiscripts\move.attack.object.capital.xml = F:\X Rebirth Modding\Original Assets\aiscripts\move.attack.object.capital.xml
		F:\X Rebirth Modding\Original Assets\aiscripts\move.claim.xml = F:\X Rebirth Modding\Original Assets\aiscripts\move.claim.xml
		F:\X Rebirth Modding\Original Assets\aiscripts\move.collect.drone.xml = F:\X Rebirth Modding\Original Assets\aiscripts\move.collect.drone.xml
		F:\X Rebirth Modding\Original Assets\aiscripts\move.die.xml = F:\X Rebirth Modding\Original Assets\aiscripts\move.die.xml
		F:\X Rebirth Modding\Original Assets\aiscripts\move.dockat.drone.xml = F:\X Rebirth Modding\Original Assets\aiscripts\move.dockat.drone.xml
		F:\X Rebirth Modding\Original Assets\aiscripts\move.dockat.playerdrone.xml = F:\X Rebirth Modding\Original Assets\aiscripts\move.dockat.playerdrone.xml
		F:\X Rebirth Modding\Original Assets\aiscripts\move.dockat.xml = F:\X Rebirth Modding\Original Assets\aiscripts\move.dockat.xml
		F:\X Rebirth Modding\Original Assets\aiscripts\move.escapepod.xml = F:\X Rebirth Modding\Original Assets\aiscripts\move.escapepod.xml
		F:\X Rebirth Modding\Original Assets\aiscripts\move.escort.capital.xml = F:\X Rebirth Modding\Original Assets\aiscripts\move.escort.capital.xml
		F:\X Rebirth Modding\Original Assets\aiscripts\move.escort.xml = F:\X Rebirth Modding\Original Assets\aiscripts\move.escort.xml
		F:\X Rebirth Modding\Original Assets\aiscripts\move.follow.formation.xml = F:\X Rebirth Modding\Original Assets\aiscripts\move.follow.formation.xml
		F:\X Rebirth Modding\Original Assets\aiscripts\move.follow.xml = F:\X Rebirth Modding\Original Assets\aiscripts\move.follow.xml
		F:\X Rebirth Modding\Original Assets\aiscripts\move.generic.xml = F:\X Rebirth Modding\Original Assets\aiscripts\move.generic.xml
		F:\X Rebirth Modding\Original Assets\aiscripts\move.idle.xml = F:\X Rebirth Modding\Original Assets\aiscripts\move.idle.xml
		F:\X Rebirth Modding\Original Assets\aiscripts\move.jump.xml = F:\X Rebirth Modding\Original Assets\aiscripts\move.jump.xml
		F:\X Rebirth Modding\Original Assets\aiscripts\move.nearby.xml = F:\X Rebirth Modding\Original Assets\aiscripts\move.nearby.xml
		F:\X Rebirth Modding\Original Assets\aiscripts\move.nohighway.xml = F:\X Rebirth Modding\Original Assets\aiscripts\move.nohighway.xml
		F:\X Rebirth Modding\Original Assets\aiscripts\move.park.xml = F:\X Rebirth Modding\Original Assets\aiscripts\move.park.xml
		F:\X Rebirth Modding\Original Assets\aiscripts\move.patrol.xml = F:\X Rebirth Modding\Original Assets\aiscripts\move.patrol.xml
		F:\X Rebirth Modding\Original Assets\aiscripts\move.random.xml = F:\X Rebirth Modding\Original Assets\aiscripts\move.random.xml
		F:\X Rebirth Modding\Original Assets\aiscripts\move.refuel.xml = F:\X Rebirth Modding\Original Assets\aiscripts\move.refuel.xml
		F:\X Rebirth Modding\Original Assets\aiscripts\move.seekenemies.xml = F:\X Rebirth Modding\Original Assets\aiscripts\move.seekenemies.xml
		F:\X Rebirth Modding\Original Assets\aiscripts\move.tradeoffer.xml = F:\X Rebirth Modding\Original Assets\aiscripts\move.tradeoffer.xml
		F:\X Rebirth Modding\Original Assets\aiscripts\move.undock.xml = F:\X Rebirth Modding\Original Assets\aiscripts\move.undock.xml
		F:\X Rebirth Modding\Original Assets\aiscripts\move.unpark.xml = F:\X Rebirth Modding\Original Assets\aiscripts\move.unpark.xml
		F:\X Rebirth Modding\Original Assets\aiscripts\player.default.xml = F:\X Rebirth Modding\Original Assets\aiscripts\player.default.xml
		F:\X Rebirth Modding\Original Assets\aiscripts\player.interaction.budget.xml = F:\X Rebirth Modding\Original Assets\aiscripts\player.interaction.budget.xml
		F:\X Rebirth Modding\Original Assets\aiscripts\player.interaction.xml = F:\X Rebirth Modding\Original Assets\aiscripts\player.interaction.xml
		F:\X Rebirth Modding\Original Assets\aiscripts\trade.findfreetraderun.xml = F:\X Rebirth Modding\Original Assets\aiscripts\trade.findfreetraderun.xml
		F:\X Rebirth Modding\Original Assets\aiscripts\trade.findtraderun.xml = F:\X Rebirth Modding\Original Assets\aiscripts\trade.findtraderun.xml
		F:\X Rebirth Modding\Original Assets\aiscripts\trade.performplayertraderun.xml = F:\X Rebirth Modding\Original Assets\aiscripts\trade.performplayertraderun.xml
		F:\X Rebirth Modding\Original Assets\aiscripts\trade.performtraderun.xml = F:\X Rebirth Modding\Original Assets\aiscripts\trade.performtraderun.xml
		F:\X Rebirth Modding\Original Assets\aiscripts\trade.ship.ranged.xml = F:\X Rebirth Modding\Original Assets\aiscripts\trade.ship.ranged.xml
		F:\X Rebirth Modding\Original Assets\aiscripts\trade.ship.xml = F:\X Rebirth Modding\Original Assets\aiscripts\trade.ship.xml
		F:\X Rebirth Modding\Original Assets\aiscripts\trade.shipyard.xml = F:\X Rebirth Modding\Original Assets\aiscripts\trade.shipyard.xml
		F:\X Rebirth Modding\Original Assets\aiscripts\trade.station.player.xml = F:\X Rebirth Modding\Original Assets\aiscripts\trade.station.player.xml
		F:\X Rebirth Modding\Original Assets\aiscripts\trade.station.tradingstation.xml = F:\X Rebirth Modding\Original Assets\aiscripts\trade.station.tradingstation.xml
		F:\X Rebirth Modding\Original Assets\aiscripts\trade.station.xml = F:\X Rebirth Modding\Original Assets\aiscripts\trade.station.xml
	EndProjectSection
EndProject
Project("{2150E333-8FDC-42A3-9474-1A3956D46DE8}") = "md", "md", "{52E720FE-00CE-4BEA-A658-7FD2EDD9B1C1}"
	ProjectSection(SolutionItems) = preProject
		F:\X Rebirth Modding\Original Assets\md\AssignToCommander.xml = F:\X Rebirth Modding\Original Assets\md\AssignToCommander.xml
		F:\X Rebirth Modding\Original Assets\md\Boarding.xml = F:\X Rebirth Modding\Original Assets\md\Boarding.xml
		F:\X Rebirth Modding\Original Assets\md\Conversations.xml = F:\X Rebirth Modding\Original Assets\md\Conversations.xml
		F:\X Rebirth Modding\Original Assets\md\DamagePlayerShipComponents.xml = F:\X Rebirth Modding\Original Assets\md\DamagePlayerShipComponents.xml
		F:\X Rebirth Modding\Original Assets\md\Drone_Scan_Hack.xml = F:\X Rebirth Modding\Original Assets\md\Drone_Scan_Hack.xml
		F:\X Rebirth Modding\Original Assets\md\Encyclopedia.xml = F:\X Rebirth Modding\Original Assets\md\Encyclopedia.xml
		F:\X Rebirth Modding\Original Assets\md\EventCutscenes.xml = F:\X Rebirth Modding\Original Assets\md\EventCutscenes.xml
		F:\X Rebirth Modding\Original Assets\md\FreePlay.xml = F:\X Rebirth Modding\Original Assets\md\FreePlay.xml
		F:\X Rebirth Modding\Original Assets\md\GenericMissions.xml = F:\X Rebirth Modding\Original Assets\md\GenericMissions.xml
		F:\X Rebirth Modding\Original Assets\md\GM_Assassination.xml = F:\X Rebirth Modding\Original Assets\md\GM_Assassination.xml
		F:\X Rebirth Modding\Original Assets\md\GM_Assassination_v2.xml = F:\X Rebirth Modding\Original Assets\md\GM_Assassination_v2.xml
		F:\X Rebirth Modding\Original Assets\md\GM_Buy_Ship.xml = F:\X Rebirth Modding\Original Assets\md\GM_Buy_Ship.xml
		F:\X Rebirth Modding\Original Assets\md\GM_Defend_Station.xml = F:\X Rebirth Modding\Original Assets\md\GM_Defend_Station.xml
		F:\X Rebirth Modding\Original Assets\md\GM_Deliver_Resources.xml = F:\X Rebirth Modding\Original Assets\md\GM_Deliver_Resources.xml
		F:\X Rebirth Modding\Original Assets\md\GM_Destroy_Capship.xml = F:\X Rebirth Modding\Original Assets\md\GM_Destroy_Capship.xml
		F:\X Rebirth Modding\Original Assets\md\GM_Destroy_Objects.xml = F:\X Rebirth Modding\Original Assets\md\GM_Destroy_Objects.xml
		F:\X Rebirth Modding\Original Assets\md\GM_Escort_Ships.xml = F:\X Rebirth Modding\Original Assets\md\GM_Escort_Ships.xml
		F:\X Rebirth Modding\Original Assets\md\GM_Harvest_Resources.xml = F:\X Rebirth Modding\Original Assets\md\GM_Harvest_Resources.xml
		F:\X Rebirth Modding\Original Assets\md\GM_Patrol.xml = F:\X Rebirth Modding\Original Assets\md\GM_Patrol.xml
		F:\X Rebirth Modding\Original Assets\md\GM_Police_Scan.xml = F:\X Rebirth Modding\Original Assets\md\GM_Police_Scan.xml
		F:\X Rebirth Modding\Original Assets\md\GM_Race.xml = F:\X Rebirth Modding\Original Assets\md\GM_Race.xml
		F:\X Rebirth Modding\Original Assets\md\GM_Reveal_Station.xml = F:\X Rebirth Modding\Original Assets\md\GM_Reveal_Station.xml
		F:\X Rebirth Modding\Original Assets\md\GM_Ship_Distress_Call.xml = F:\X Rebirth Modding\Original Assets\md\GM_Ship_Distress_Call.xml
		F:\X Rebirth Modding\Original Assets\md\GM_Smuggle_Goods.xml = F:\X Rebirth Modding\Original Assets\md\GM_Smuggle_Goods.xml
		F:\X Rebirth Modding\Original Assets\md\GM_Transport_Passengers.xml = F:\X Rebirth Modding\Original Assets\md\GM_Transport_Passengers.xml
		F:\X Rebirth Modding\Original Assets\md\Guidance.xml = F:\X Rebirth Modding\Original Assets\md\Guidance.xml
		F:\X Rebirth Modding\Original Assets\md\Hints.xml = F:\X Rebirth Modding\Original Assets\md\Hints.xml
		F:\X Rebirth Modding\Original Assets\md\InitUniverse.xml = F:\X Rebirth Modding\Original Assets\md\InitUniverse.xml
		F:\X Rebirth Modding\Original Assets\md\LIB_Create_Enemies.xml = F:\X Rebirth Modding\Original Assets\md\LIB_Create_Enemies.xml
		F:\X Rebirth Modding\Original Assets\md\LIB_Create_Ships.xml = F:\X Rebirth Modding\Original Assets\md\LIB_Create_Ships.xml
		F:\X Rebirth Modding\Original Assets\md\LIB_Factions.xml = F:\X Rebirth Modding\Original Assets\md\LIB_Factions.xml
		F:\X Rebirth Modding\Original Assets\md\LIB_Generic.xml = F:\X Rebirth Modding\Original Assets\md\LIB_Generic.xml
		F:\X Rebirth Modding\Original Assets\md\LIB_HolomapTarget.xml = F:\X Rebirth Modding\Original Assets\md\LIB_HolomapTarget.xml
		F:\X Rebirth Modding\Original Assets\md\LIB_Processed_Trades.xml = F:\X Rebirth Modding\Original Assets\md\LIB_Processed_Trades.xml
		F:\X Rebirth Modding\Original Assets\md\LIB_Reward_Balancing.xml = F:\X Rebirth Modding\Original Assets\md\LIB_Reward_Balancing.xml
		F:\X Rebirth Modding\Original Assets\md\MainMenu.xml = F:\X Rebirth Modding\Original Assets\md\MainMenu.xml
		F:\X Rebirth Modding\Original Assets\md\md.xsd = F:\X Rebirth Modding\Original Assets\md\md.xsd
		F:\X Rebirth Modding\Original Assets\md\Modes.xml = F:\X Rebirth Modding\Original Assets\md\Modes.xml
		F:\X Rebirth Modding\Original Assets\md\Notifications.xml = F:\X Rebirth Modding\Original Assets\md\Notifications.xml
		F:\X Rebirth Modding\Original Assets\md\NPC_Architect.xml = F:\X Rebirth Modding\Original Assets\md\NPC_Architect.xml
		F:\X Rebirth Modding\Original Assets\md\NPC_Engineer.xml = F:\X Rebirth Modding\Original Assets\md\NPC_Engineer.xml
		F:\X Rebirth Modding\Original Assets\md\NPC_Itemtrader.xml = F:\X Rebirth Modding\Original Assets\md\NPC_Itemtrader.xml
		F:\X Rebirth Modding\Original Assets\md\NPC_Licencetrader.xml = F:\X Rebirth Modding\Original Assets\md\NPC_Licencetrader.xml
		F:\X Rebirth Modding\Original Assets\md\NPC_Marine.xml = F:\X Rebirth Modding\Original Assets\md\NPC_Marine.xml
		F:\X Rebirth Modding\Original Assets\md\NPC_Shiptrader.xml = F:\X Rebirth Modding\Original Assets\md\NPC_Shiptrader.xml
		F:\X Rebirth Modding\Original Assets\md\NPC_Specialist.xml = F:\X Rebirth Modding\Original Assets\md\NPC_Specialist.xml
		F:\X Rebirth Modding\Original Assets\md\NPC_Staff.xml = F:\X Rebirth Modding\Original Assets\md\NPC_Staff.xml
		F:\X Rebirth Modding\Original Assets\md\NPC_Upgradetrader.xml = F:\X Rebirth Modding\Original Assets\md\NPC_Upgradetrader.xml
		F:\X Rebirth Modding\Original Assets\md\Orders.xml = F:\X Rebirth Modding\Original Assets\md\Orders.xml
		F:\X Rebirth Modding\Original Assets\md\Plot_ep1.xml = F:\X Rebirth Modding\Original Assets\md\Plot_ep1.xml
		F:\X Rebirth Modding\Original Assets\md\Plot_ep1_ch0.xml = F:\X Rebirth Modding\Original Assets\md\Plot_ep1_ch0.xml
		F:\X Rebirth Modding\Original Assets\md\Plot_ep1_ch1.xml = F:\X Rebirth Modding\Original Assets\md\Plot_ep1_ch1.xml
		F:\X Rebirth Modding\Original Assets\md\Plot_ep1_ch2.xml = F:\X Rebirth Modding\Original Assets\md\Plot_ep1_ch2.xml
		F:\X Rebirth Modding\Original Assets\md\Plot_ep1_ch3.xml = F:\X Rebirth Modding\Original Assets\md\Plot_ep1_ch3.xml
		F:\X Rebirth Modding\Original Assets\md\Plot_ep1_ch4.xml = F:\X Rebirth Modding\Original Assets\md\Plot_ep1_ch4.xml
		F:\X Rebirth Modding\Original Assets\md\RML_Accept_Trade_Orders.xml = F:\X Rebirth Modding\Original Assets\md\RML_Accept_Trade_Orders.xml
		F:\X Rebirth Modding\Original Assets\md\RML_Acquire_Crew.xml = F:\X Rebirth Modding\Original Assets\md\RML_Acquire_Crew.xml
		F:\X Rebirth Modding\Original Assets\md\RML_Battle_Objectives.xml = F:\X Rebirth Modding\Original Assets\md\RML_Battle_Objectives.xml
		F:\X Rebirth Modding\Original Assets\md\RML_Board_Objects.xml = F:\X Rebirth Modding\Original Assets\md\RML_Board_Objects.xml
		F:\X Rebirth Modding\Original Assets\md\RML_Build_Object.xml = F:\X Rebirth Modding\Original Assets\md\RML_Build_Object.xml
		F:\X Rebirth Modding\Original Assets\md\RML_Collect_Inventory.xml = F:\X Rebirth Modding\Original Assets\md\RML_Collect_Inventory.xml
		F:\X Rebirth Modding\Original Assets\md\RML_Deliver_Control_Entity.xml = F:\X Rebirth Modding\Original Assets\md\RML_Deliver_Control_Entity.xml
		F:\X Rebirth Modding\Original Assets\md\RML_Deliver_Wares.xml = F:\X Rebirth Modding\Original Assets\md\RML_Deliver_Wares.xml
		F:\X Rebirth Modding\Original Assets\md\RML_Destroy_Components.xml = F:\X Rebirth Modding\Original Assets\md\RML_Destroy_Components.xml
		F:\X Rebirth Modding\Original Assets\md\RML_Destroy_Entities.xml = F:\X Rebirth Modding\Original Assets\md\RML_Destroy_Entities.xml
		F:\X Rebirth Modding\Original Assets\md\RML_Destroy_Matching_Objects.xml = F:\X Rebirth Modding\Original Assets\md\RML_Destroy_Matching_Objects.xml
		F:\X Rebirth Modding\Original Assets\md\RML_Destroy_Summarised_Components.xml = F:\X Rebirth Modding\Original Assets\md\RML_Destroy_Summarised_Components.xml
		F:\X Rebirth Modding\Original Assets\md\RML_Escort_Convoy.xml = F:\X Rebirth Modding\Original Assets\md\RML_Escort_Convoy.xml
		F:\X Rebirth Modding\Original Assets\md\RML_Flight_Along_Path.xml = F:\X Rebirth Modding\Original Assets\md\RML_Flight_Along_Path.xml
		F:\X Rebirth Modding\Original Assets\md\RML_FlyTo.xml = F:\X Rebirth Modding\Original Assets\md\RML_FlyTo.xml
		F:\X Rebirth Modding\Original Assets\md\RML_Harvest_Resources.xml = F:\X Rebirth Modding\Original Assets\md\RML_Harvest_Resources.xml
		F:\X Rebirth Modding\Original Assets\md\RML_Long_Range_Scan.xml = F:\X Rebirth Modding\Original Assets\md\RML_Long_Range_Scan.xml
		F:\X Rebirth Modding\Original Assets\md\RML_Mode_Build.xml = F:\X Rebirth Modding\Original Assets\md\RML_Mode_Build.xml
		F:\X Rebirth Modding\Original Assets\md\RML_Mode_Collect_Cargo.xml = F:\X Rebirth Modding\Original Assets\md\RML_Mode_Collect_Cargo.xml
		F:\X Rebirth Modding\Original Assets\md\RML_Mode_Collect_Ore.xml = F:\X Rebirth Modding\Original Assets\md\RML_Mode_Collect_Ore.xml
		F:\X Rebirth Modding\Original Assets\md\RML_Mode_Law_Enforcement.xml = F:\X Rebirth Modding\Original Assets\md\RML_Mode_Law_Enforcement.xml
		F:\X Rebirth Modding\Original Assets\md\RML_Patrol.xml = F:\X Rebirth Modding\Original Assets\md\RML_Patrol.xml
		F:\X Rebirth Modding\Original Assets\md\RML_Pickup_Passengers.xml = F:\X Rebirth Modding\Original Assets\md\RML_Pickup_Passengers.xml
		F:\X Rebirth Modding\Original Assets\md\RML_Protect_Object.xml = F:\X Rebirth Modding\Original Assets\md\RML_Protect_Object.xml
		F:\X Rebirth Modding\Original Assets\md\RML_Race.xml = F:\X Rebirth Modding\Original Assets\md\RML_Race.xml
		F:\X Rebirth Modding\Original Assets\md\RML_Reveal_Object.xml = F:\X Rebirth Modding\Original Assets\md\RML_Reveal_Object.xml
		F:\X Rebirth Modding\Original Assets\md\RML_Scan_TargetPoints.xml = F:\X Rebirth Modding\Original Assets\md\RML_Scan_TargetPoints.xml
		F:\X Rebirth Modding\Original Assets\md\RML_Transfer_Money.xml = F:\X Rebirth Modding\Original Assets\md\RML_Transfer_Money.xml
		F:\X Rebirth Modding\Original Assets\md\RML_Transport_Passengers.xml = F:\X Rebirth Modding\Original Assets\md\RML_Transport_Passengers.xml
		F:\X Rebirth Modding\Original Assets\md\Setup.xml = F:\X Rebirth Modding\Original Assets\md\Setup.xml
		F:\X Rebirth Modding\Original Assets\md\Showcases.xml = F:\X Rebirth Modding\Original Assets\md\Showcases.xml
		F:\X Rebirth Modding\Original Assets\md\Smalltalk.xml = F:\X Rebirth Modding\Original Assets\md\Smalltalk.xml
		F:\X Rebirth Modding\Original Assets\md\test_BigBattle.xml = F:\X Rebirth Modding\Original Assets\md\test_BigBattle.xml
		F:\X Rebirth Modding\Original Assets\md\Test_MD.xml = F:\X Rebirth Modding\Original Assets\md\Test_MD.xml
		F:\X Rebirth Modding\Original Assets\md\Test_ShipCreation.xml = F:\X Rebirth Modding\Original Assets\md\Test_ShipCreation.xml
		F:\X Rebirth Modding\Original Assets\md\Trade.xml = F:\X Rebirth Modding\Original Assets\md\Trade.xml
		F:\X Rebirth Modding\Original Assets\md\Upkeep.xml = F:\X Rebirth Modding\Original Assets\md\Upkeep.xml
		F:\X Rebirth Modding\Original Assets\md\Upkeep_Management.xml = F:\X Rebirth Modding\Original Assets\md\Upkeep_Management.xml
		F:\X Rebirth Modding\Original Assets\md\WE_Distress_Call.xml = F:\X Rebirth Modding\Original Assets\md\WE_Distress_Call.xml
	EndProjectSection
EndProject
Project("{2150E333-8FDC-42A3-9474-1A3956D46DE8}") = "t", "t", "{CAA52315-57DC-41E2-8423-4C39C2049E64}"
	ProjectSection(SolutionItems) = preProject
		F:\X Rebirth Modding\Original Assets\t\0001-L007.xml = F:\X Rebirth Modding\Original Assets\t\0001-L007.xml
		F:\X Rebirth Modding\Original Assets\t\0001-L033.xml = F:\X Rebirth Modding\Original Assets\t\0001-L033.xml
		F:\X Rebirth Modding\Original Assets\t\0001-L034.xml = F:\X Rebirth Modding\Original Assets\t\0001-L034.xml
		F:\X Rebirth Modding\Original Assets\t\0001-L039.xml = F:\X Rebirth Modding\Original Assets\t\0001-L039.xml
		F:\X Rebirth Modding\Original Assets\t\0001-L044.xml = F:\X Rebirth Modding\Original Assets\t\0001-L044.xml
		F:\X Rebirth Modding\Original Assets\t\0001-L049.xml = F:\X Rebirth Modding\Original Assets\t\0001-L049.xml
		F:\X Rebirth Modding\Original Assets\t\0001-L082.xml = F:\X Rebirth Modding\Original Assets\t\0001-L082.xml
		F:\X Rebirth Modding\Original Assets\t\0001-L086.xml = F:\X Rebirth Modding\Original Assets\t\0001-L086.xml
		F:\X Rebirth Modding\Original Assets\t\0001-L088.xml = F:\X Rebirth Modding\Original Assets\t\0001-L088.xml
	EndProjectSection
EndProject
Project("{2150E333-8FDC-42A3-9474-1A3956D46DE8}") = "libraries", "libraries", "{03F190A0-A887-4508-A711-462761BCA8AA}"
	ProjectSection(SolutionItems) = preProject
		F:\X Rebirth Modding\Original Assets\libraries\adsigns.xml = F:\X Rebirth Modding\Original Assets\libraries\adsigns.xml
		F:\X Rebirth Modding\Original Assets\libraries\aicompat.xml = F:\X Rebirth Modding\Original Assets\libraries\aicompat.xml
		F:\X Rebirth Modding\Original Assets\libraries\aiscripts.xsd = F:\X Rebirth Modding\Original Assets\libraries\aiscripts.xsd
		F:\X Rebirth Modding\Original Assets\libraries\Animation_Sequences.dtd = F:\X Rebirth Modding\Original Assets\libraries\Animation_Sequences.dtd
		F:\X Rebirth Modding\Original Assets\libraries\Animation_Sequences.xml = F:\X Rebirth Modding\Original Assets\libraries\Animation_Sequences.xml
		F:\X Rebirth Modding\Original Assets\libraries\baskets.xml = F:\X Rebirth Modding\Original Assets\libraries\baskets.xml
		F:\X Rebirth Modding\Original Assets\libraries\behaviours.xml = F:\X Rebirth Modding\Original Assets\libraries\behaviours.xml
		F:\X Rebirth Modding\Original Assets\libraries\charactergroups.xml = F:\X Rebirth Modding\Original Assets\libraries\charactergroups.xml
		F:\X Rebirth Modding\Original Assets\libraries\characters.xml = F:\X Rebirth Modding\Original Assets\libraries\characters.xml
		F:\X Rebirth Modding\Original Assets\libraries\common.xsd = F:\X Rebirth Modding\Original Assets\libraries\common.xsd
		F:\X Rebirth Modding\Original Assets\libraries\component.xml = F:\X Rebirth Modding\Original Assets\libraries\component.xml
		F:\X Rebirth Modding\Original Assets\libraries\config.xml = F:\X Rebirth Modding\Original Assets\libraries\config.xml
		F:\X Rebirth Modding\Original Assets\libraries\contexts.xml = F:\X Rebirth Modding\Original Assets\libraries\contexts.xml
		F:\X Rebirth Modding\Original Assets\libraries\controlschemes_default.xml = F:\X Rebirth Modding\Original Assets\libraries\controlschemes_default.xml
		F:\X Rebirth Modding\Original Assets\libraries\controlschemes_experimental.xml = F:\X Rebirth Modding\Original Assets\libraries\controlschemes_experimental.xml
		F:\X Rebirth Modding\Original Assets\libraries\controlschemes_for_movie_capturing.xml = F:\X Rebirth Modding\Original Assets\libraries\controlschemes_for_movie_capturing.xml
		F:\X Rebirth Modding\Original Assets\libraries\defaults.xml = F:\X Rebirth Modding\Original Assets\libraries\defaults.xml
		F:\X Rebirth Modding\Original Assets\libraries\drops.xml = F:\X Rebirth Modding\Original Assets\libraries\drops.xml
		F:\X Rebirth Modding\Original Assets\libraries\effects.dtd = F:\X Rebirth Modding\Original Assets\libraries\effects.dtd
		F:\X Rebirth Modding\Original Assets\libraries\effects.xml = F:\X Rebirth Modding\Original Assets\libraries\effects.xml
		F:\X Rebirth Modding\Original Assets\libraries\emotedb.xml = F:\X Rebirth Modding\Original Assets\libraries\emotedb.xml
		F:\X Rebirth Modding\Original Assets\libraries\eventdefs.xml = F:\X Rebirth Modding\Original Assets\libraries\eventdefs.xml
		F:\X Rebirth Modding\Original Assets\libraries\factions.xml = F:\X Rebirth Modding\Original Assets\libraries\factions.xml
		F:\X Rebirth Modding\Original Assets\libraries\factions.xsd = F:\X Rebirth Modding\Original Assets\libraries\factions.xsd
		F:\X Rebirth Modding\Original Assets\libraries\fonts-L007.xml = F:\X Rebirth Modding\Original Assets\libraries\fonts-L007.xml
		F:\X Rebirth Modding\Original Assets\libraries\fonts-L082.xml = F:\X Rebirth Modding\Original Assets\libraries\fonts-L082.xml
		F:\X Rebirth Modding\Original Assets\libraries\fonts-L086.xml = F:\X Rebirth Modding\Original Assets\libraries\fonts-L086.xml
		F:\X Rebirth Modding\Original Assets\libraries\fonts-L088.xml = F:\X Rebirth Modding\Original Assets\libraries\fonts-L088.xml
		F:\X Rebirth Modding\Original Assets\libraries\fonts.xml = F:\X Rebirth Modding\Original Assets\libraries\fonts.xml
		F:\X Rebirth Modding\Original Assets\libraries\highwayconfigurations.xml = F:\X Rebirth Modding\Original Assets\libraries\highwayconfigurations.xml
		F:\X Rebirth Modding\Original Assets\libraries\icons.dtd = F:\X Rebirth Modding\Original Assets\libraries\icons.dtd
		F:\X Rebirth Modding\Original Assets\libraries\icons.xml = F:\X Rebirth Modding\Original Assets\libraries\icons.xml
		F:\X Rebirth Modding\Original Assets\libraries\influenceconfigurations.xml = F:\X Rebirth Modding\Original Assets\libraries\influenceconfigurations.xml
		F:\X Rebirth Modding\Original Assets\libraries\infounlocklist.xml = F:\X Rebirth Modding\Original Assets\libraries\infounlocklist.xml
		F:\X Rebirth Modding\Original Assets\libraries\inputmap.xml = F:\X Rebirth Modding\Original Assets\libraries\inputmap.xml
		F:\X Rebirth Modding\Original Assets\libraries\inputmap_alternative.xml = F:\X Rebirth Modding\Original Assets\libraries\inputmap_alternative.xml
		F:\X Rebirth Modding\Original Assets\libraries\inputmap_joystick.xml = F:\X Rebirth Modding\Original Assets\libraries\inputmap_joystick.xml
		F:\X Rebirth Modding\Original Assets\libraries\jobgroups.xml = F:\X Rebirth Modding\Original Assets\libraries\jobgroups.xml
		F:\X Rebirth Modding\Original Assets\libraries\jobs.xml = F:\X Rebirth Modding\Original Assets\libraries\jobs.xml
		F:\X Rebirth Modding\Original Assets\libraries\lens_effects.xml = F:\X Rebirth Modding\Original Assets\libraries\lens_effects.xml
		F:\X Rebirth Modding\Original Assets\libraries\lenseffects.dtd = F:\X Rebirth Modding\Original Assets\libraries\lenseffects.dtd
		F:\X Rebirth Modding\Original Assets\libraries\libraries.xsd = F:\X Rebirth Modding\Original Assets\libraries\libraries.xsd
		F:\X Rebirth Modding\Original Assets\libraries\macro.xml = F:\X Rebirth Modding\Original Assets\libraries\macro.xml
		F:\X Rebirth Modding\Original Assets\libraries\material_library.xml = F:\X Rebirth Modding\Original Assets\libraries\material_library.xml
		F:\X Rebirth Modding\Original Assets\libraries\material_library.xsd = F:\X Rebirth Modding\Original Assets\libraries\material_library.xsd
		F:\X Rebirth Modding\Original Assets\libraries\md.xsd = F:\X Rebirth Modding\Original Assets\libraries\md.xsd
		F:\X Rebirth Modding\Original Assets\libraries\mousecursors.xml = F:\X Rebirth Modding\Original Assets\libraries\mousecursors.xml
		F:\X Rebirth Modding\Original Assets\libraries\parameters.xml = F:\X Rebirth Modding\Original Assets\libraries\parameters.xml
		F:\X Rebirth Modding\Original Assets\libraries\parameters.xsd = F:\X Rebirth Modding\Original Assets\libraries\parameters.xsd
		F:\X Rebirth Modding\Original Assets\libraries\particle_effects.xml = F:\X Rebirth Modding\Original Assets\libraries\particle_effects.xml
		F:\X Rebirth Modding\Original Assets\libraries\progressbar.xml = F:\X Rebirth Modding\Original Assets\libraries\progressbar.xml
		F:\X Rebirth Modding\Original Assets\libraries\quotas.xml = F:\X Rebirth Modding\Original Assets\libraries\quotas.xml
		F:\X Rebirth Modding\Original Assets\libraries\quotas.xsd = F:\X Rebirth Modding\Original Assets\libraries\quotas.xsd
		F:\X Rebirth Modding\Original Assets\libraries\racelookup.xsd = F:\X Rebirth Modding\Original Assets\libraries\racelookup.xsd
		F:\X Rebirth Modding\Original Assets\libraries\races.xml = F:\X Rebirth Modding\Original Assets\libraries\races.xml
		F:\X Rebirth Modding\Original Assets\libraries\races.xsd = F:\X Rebirth Modding\Original Assets\libraries\races.xsd
		F:\X Rebirth Modding\Original Assets\libraries\region_definitions.xml = F:\X Rebirth Modding\Original Assets\libraries\region_definitions.xml
		F:\X Rebirth Modding\Original Assets\libraries\region_definitions.xsd = F:\X Rebirth Modding\Original Assets\libraries\region_definitions.xsd
		F:\X Rebirth Modding\Original Assets\libraries\region_lodvalues.xml = F:\X Rebirth Modding\Original Assets\libraries\region_lodvalues.xml
		F:\X Rebirth Modding\Original Assets\libraries\renderparam_library.xml = F:\X Rebirth Modding\Original Assets\libraries\renderparam_library.xml
		F:\X Rebirth Modding\Original Assets\libraries\scanrewardlist.xml = F:\X Rebirth Modding\Original Assets\libraries\scanrewardlist.xml
		F:\X Rebirth Modding\Original Assets\libraries\scriptproperties.css = F:\X Rebirth Modding\Original Assets\libraries\scriptproperties.css
		F:\X Rebirth Modding\Original Assets\libraries\scriptproperties.xml = F:\X Rebirth Modding\Original Assets\libraries\scriptproperties.xml
		F:\X Rebirth Modding\Original Assets\libraries\scriptproperties.xsd = F:\X Rebirth Modding\Original Assets\libraries\scriptproperties.xsd
		F:\X Rebirth Modding\Original Assets\libraries\scriptproperties.xsl = F:\X Rebirth Modding\Original Assets\libraries\scriptproperties.xsl
		F:\X Rebirth Modding\Original Assets\libraries\shipgroups.xml = F:\X Rebirth Modding\Original Assets\libraries\shipgroups.xml
		F:\X Rebirth Modding\Original Assets\libraries\ships.xml = F:\X Rebirth Modding\Original Assets\libraries\ships.xml
		F:\X Rebirth Modding\Original Assets\libraries\sound_env_library.xml = F:\X Rebirth Modding\Original Assets\libraries\sound_env_library.xml
		F:\X Rebirth Modding\Original Assets\libraries\sound_library.xml = F:\X Rebirth Modding\Original Assets\libraries\sound_library.xml
		F:\X Rebirth Modding\Original Assets\libraries\sound_library.xsd = F:\X Rebirth Modding\Original Assets\libraries\sound_library.xsd
		F:\X Rebirth Modding\Original Assets\libraries\stardust_library.xml = F:\X Rebirth Modding\Original Assets\libraries\stardust_library.xml
		F:\X Rebirth Modding\Original Assets\libraries\stats.xml = F:\X Rebirth Modding\Original Assets\libraries\stats.xml
		F:\X Rebirth Modding\Original Assets\libraries\stats.xsd = F:\X Rebirth Modding\Original Assets\libraries\stats.xsd
		F:\X Rebirth Modding\Original Assets\libraries\targetpoints.xml = F:\X Rebirth Modding\Original Assets\libraries\targetpoints.xml
		F:\X Rebirth Modding\Original Assets\libraries\teleport.xml = F:\X Rebirth Modding\Original Assets\libraries\teleport.xml
		F:\X Rebirth Modding\Original Assets\libraries\tradeoffer_filters.xml = F:\X Rebirth Modding\Original Assets\libraries\tradeoffer_filters.xml
		F:\X Rebirth Modding\Original Assets\libraries\trail_effects.xml = F:\X Rebirth Modding\Original Assets\libraries\trail_effects.xml
		F:\X Rebirth Modding\Original Assets\libraries\trigger_events.xml = F:\X Rebirth Modding\Original Assets\libraries\trigger_events.xml
		F:\X Rebirth Modding\Original Assets\libraries\unitmap.xml = F:\X Rebirth Modding\Original Assets\libraries\unitmap.xml
		F:\X Rebirth Modding\Original Assets\libraries\unlocks.xml = F:\X Rebirth Modding\Original Assets\libraries\unlocks.xml
		F:\X Rebirth Modding\Original Assets\libraries\unlocks.xsd = F:\X Rebirth Modding\Original Assets\libraries\unlocks.xsd
		F:\X Rebirth Modding\Original Assets\libraries\upgrade_defs.xml = F:\X Rebirth Modding\Original Assets\libraries\upgrade_defs.xml
		F:\X Rebirth Modding\Original Assets\libraries\ware_filters.xml = F:\X Rebirth Modding\Original Assets\libraries\ware_filters.xml
		F:\X Rebirth Modding\Original Assets\libraries\wares.xml = F:\X Rebirth Modding\Original Assets\libraries\wares.xml
	EndProjectSection
EndProject
Project("{FAE04EC0-301F-11D3-BF4B-00C04F79EFBC}") = "LibMJ", "LibMJ\LibMJ.csproj", "{5709ACAB-8F62-4909-B328-A96818318DF6}"
EndProject
Project("{FAE04EC0-301F-11D3-BF4B-00C04F79EFBC}") = "Packaging", "Packaging\Packaging.csproj", "{D92EC7DE-0E3D-4BE9-B593-E746600E77B9}"
EndProject
Global
	GlobalSection(SolutionConfigurationPlatforms) = preSolution
		Debug|Any CPU = Debug|Any CPU
		Release|Any CPU = Release|Any CPU
	EndGlobalSection
	GlobalSection(ProjectConfigurationPlatforms) = postSolution
		{05C9A4AB-A051-4868-AC7F-CA862C400AF1}.Debug|Any CPU.ActiveCfg = Debug|Any CPU
		{05C9A4AB-A051-4868-AC7F-CA862C400AF1}.Debug|Any CPU.Build.0 = Debug|Any CPU
		{05C9A4AB-A051-4868-AC7F-CA862C400AF1}.Release|Any CPU.ActiveCfg = Release|Any CPU
		{05C9A4AB-A051-4868-AC7F-CA862C400AF1}.Release|Any CPU.Build.0 = Release|Any CPU
		{5709ACAB-8F62-4909-B328-A96818318DF6}.Debug|Any CPU.ActiveCfg = Debug|Any CPU
		{5709ACAB-8F62-4909-B328-A96818318DF6}.Debug|Any CPU.Build.0 = Debug|Any CPU
		{5709ACAB-8F62-4909-B328-A96818318DF6}.Release|Any CPU.ActiveCfg = Release|Any CPU
		{5709ACAB-8F62-4909-B328-A96818318DF6}.Release|Any CPU.Build.0 = Release|Any CPU
		{D92EC7DE-0E3D-4BE9-B593-E746600E77B9}.Debug|Any CPU.ActiveCfg = Debug|Any CPU
		{D92EC7DE-0E3D-4BE9-B593-E746600E77B9}.Debug|Any CPU.Build.0 = Debug|Any CPU
		{D92EC7DE-0E3D-4BE9-B593-E746600E77B9}.Release|Any CPU.ActiveCfg = Release|Any CPU
		{D92EC7DE-0E3D-4BE9-B593-E746600E77B9}.Release|Any CPU.Build.0 = Release|Any CPU
	EndGlobalSection
	GlobalSection(SolutionProperties) = preSolution
		HideSolutionNode = FALSE
	EndGlobalSection
	GlobalSection(NestedProjects) = preSolution
		{002B2046-D552-49C1-BBF4-C448FEE424AD} = {899671A6-A27D-4747-8DCC-6A3711560301}
		{52E720FE-00CE-4BEA-A658-7FD2EDD9B1C1} = {899671A6-A27D-4747-8DCC-6A3711560301}
		{CAA52315-57DC-41E2-8423-4C39C2049E64} = {899671A6-A27D-4747-8DCC-6A3711560301}
		{03F190A0-A887-4508-A711-462761BCA8AA} = {899671A6-A27D-4747-8DCC-6A3711560301}
	EndGlobalSection
EndGlobal
